// !$*UTF8*$!
{
	archiveVersion = 1;
	classes = {
	};
	objectVersion = 50;
	objects = {

/* Begin PBXBuildFile section */
		9851DE9A22CB2D93004EE2D6 /* AppDelegate.swift in Sources */ = {isa = PBXBuildFile; fileRef = 9851DE9922CB2D93004EE2D6 /* AppDelegate.swift */; };
		9851DE9C22CB2D93004EE2D6 /* SceneDelegate.swift in Sources */ = {isa = PBXBuildFile; fileRef = 9851DE9B22CB2D93004EE2D6 /* SceneDelegate.swift */; };
		9851DE9E22CB2D93004EE2D6 /* ContentView.swift in Sources */ = {isa = PBXBuildFile; fileRef = 9851DE9D22CB2D93004EE2D6 /* ContentView.swift */; };
		9851DEA022CB2D95004EE2D6 /* Assets.xcassets in Resources */ = {isa = PBXBuildFile; fileRef = 9851DE9F22CB2D95004EE2D6 /* Assets.xcassets */; };
		9851DEA322CB2D95004EE2D6 /* Preview Assets.xcassets in Resources */ = {isa = PBXBuildFile; fileRef = 9851DEA222CB2D95004EE2D6 /* Preview Assets.xcassets */; };
		9851DEA622CB2D95004EE2D6 /* LaunchScreen.storyboard in Resources */ = {isa = PBXBuildFile; fileRef = 9851DEA422CB2D95004EE2D6 /* LaunchScreen.storyboard */; };
		9851DEB122CB334F004EE2D6 /* TextPage.swift in Sources */ = {isa = PBXBuildFile; fileRef = 9851DEB022CB334F004EE2D6 /* TextPage.swift */; };
/* End PBXBuildFile section */

/* Begin PBXFileReference section */
		9851DE9622CB2D93004EE2D6 /* SwiftUIDemo.app */ = {isa = PBXFileReference; explicitFileType = wrapper.application; includeInIndex = 0; path = SwiftUIDemo.app; sourceTree = BUILT_PRODUCTS_DIR; };
		9851DE9922CB2D93004EE2D6 /* AppDelegate.swift */ = {isa = PBXFileReference; lastKnownFileType = sourcecode.swift; path = AppDelegate.swift; sourceTree = "<group>"; };
		9851DE9B22CB2D93004EE2D6 /* SceneDelegate.swift */ = {isa = PBXFileReference; lastKnownFileType = sourcecode.swift; path = SceneDelegate.swift; sourceTree = "<group>"; };
		9851DE9D22CB2D93004EE2D6 /* ContentView.swift */ = {isa = PBXFileReference; lastKnownFileType = sourcecode.swift; path = ContentView.swift; sourceTree = "<group>"; };
		9851DE9F22CB2D95004EE2D6 /* Assets.xcassets */ = {isa = PBXFileReference; lastKnownFileType = folder.assetcatalog; path = Assets.xcassets; sourceTree = "<group>"; };
		9851DEA222CB2D95004EE2D6 /* Preview Assets.xcassets */ = {isa = PBXFileReference; lastKnownFileType = folder.assetcatalog; path = "Preview Assets.xcassets"; sourceTree = "<group>"; };
		9851DEA522CB2D95004EE2D6 /* Base */ = {isa = PBXFileReference; lastKnownFileType = file.storyboard; name = Base; path = Base.lproj/LaunchScreen.storyboard; sourceTree = "<group>"; };
		9851DEA722CB2D95004EE2D6 /* Info.plist */ = {isa = PBXFileReference; lastKnownFileType = text.plist.xml; path = Info.plist; sourceTree = "<group>"; };
		9851DEB022CB334F004EE2D6 /* TextPage.swift */ = {isa = PBXFileReference; lastKnownFileType = sourcecode.swift; path = TextPage.swift; sourceTree = "<group>"; };
/* End PBXFileReference section */

/* Begin PBXFrameworksBuildPhase section */
		9851DE9322CB2D93004EE2D6 /* Frameworks */ = {
			isa = PBXFrameworksBuildPhase;
			buildActionMask = 2147483647;
			files = (
			);
			runOnlyForDeploymentPostprocessing = 0;
		};
/* End PBXFrameworksBuildPhase section */

/* Begin PBXGroup section */
		9851DE8D22CB2D93004EE2D6 = {
			isa = PBXGroup;
			children = (
				9851DE9822CB2D93004EE2D6 /* SwiftUIDemo */,
				9851DE9722CB2D93004EE2D6 /* Products */,
			);
			sourceTree = "<group>";
		};
		9851DE9722CB2D93004EE2D6 /* Products */ = {
			isa = PBXGroup;
			children = (
				9851DE9622CB2D93004EE2D6 /* SwiftUIDemo.app */,
			);
			name = Products;
			sourceTree = "<group>";
		};
		9851DE9822CB2D93004EE2D6 /* SwiftUIDemo */ = {
			isa = PBXGroup;
			children = (
				9851DEAD22CB2FAE004EE2D6 /* Views */,
				9851DE9922CB2D93004EE2D6 /* AppDelegate.swift */,
				9851DE9B22CB2D93004EE2D6 /* SceneDelegate.swift */,
				9851DE9D22CB2D93004EE2D6 /* ContentView.swift */,
				9851DE9F22CB2D95004EE2D6 /* Assets.xcassets */,
				9851DEA422CB2D95004EE2D6 /* LaunchScreen.storyboard */,
				9851DEA722CB2D95004EE2D6 /* Info.plist */,
				9851DEA122CB2D95004EE2D6 /* Preview Content */,
			);
			path = SwiftUIDemo;
			sourceTree = "<group>";
		};
		9851DEA122CB2D95004EE2D6 /* Preview Content */ = {
			isa = PBXGroup;
			children = (
				9851DEA222CB2D95004EE2D6 /* Preview Assets.xcassets */,
			);
			path = "Preview Content";
			sourceTree = "<group>";
		};
		9851DEAD22CB2FAE004EE2D6 /* Views */ = {
			isa = PBXGroup;
			children = (
				9851DEB022CB334F004EE2D6 /* TextPage.swift */,
			);
			path = Views;
			sourceTree = "<group>";
		};
/* End PBXGroup section */

/* Begin PBXNativeTarget section */
		9851DE9522CB2D93004EE2D6 /* SwiftUIDemo */ = {
			isa = PBXNativeTarget;
			buildConfigurationList = 9851DEAA22CB2D95004EE2D6 /* Build configuration list for PBXNativeTarget "SwiftUIDemo" */;
			buildPhases = (
				9851DE9222CB2D93004EE2D6 /* Sources */,
				9851DE9322CB2D93004EE2D6 /* Frameworks */,
				9851DE9422CB2D93004EE2D6 /* Resources */,
			);
			buildRules = (
			);
			dependencies = (
			);
			name = SwiftUIDemo;
			productName = SwiftUIDemo;
			productReference = 9851DE9622CB2D93004EE2D6 /* SwiftUIDemo.app */;
			productType = "com.apple.product-type.application";
		};
/* End PBXNativeTarget section */

/* Begin PBXProject section */
		9851DE8E22CB2D93004EE2D6 /* Project object */ = {
			isa = PBXProject;
			attributes = {
				LastSwiftUpdateCheck = 1100;
				LastUpgradeCheck = 1100;
				ORGANIZATIONNAME = Ethanz;
				TargetAttributes = {
					9851DE9522CB2D93004EE2D6 = {
						CreatedOnToolsVersion = 11.0;
					};
				};
			};
			buildConfigurationList = 9851DE9122CB2D93004EE2D6 /* Build configuration list for PBXProject "SwiftUIDemo" */;
			compatibilityVersion = "Xcode 9.3";
			developmentRegion = en;
			hasScannedForEncodings = 0;
			knownRegions = (
				en,
				Base,
			);
			mainGroup = 9851DE8D22CB2D93004EE2D6;
			productRefGroup = 9851DE9722CB2D93004EE2D6 /* Products */;
			projectDirPath = "";
			projectRoot = "";
			targets = (
				9851DE9522CB2D93004EE2D6 /* SwiftUIDemo */,
			);
		};
/* End PBXProject section */

/* Begin PBXResourcesBuildPhase section */
		9851DE9422CB2D93004EE2D6 /* Resources */ = {
			isa = PBXResourcesBuildPhase;
			buildActionMask = 2147483647;
			files = (
				9851DEA622CB2D95004EE2D6 /* LaunchScreen.storyboard in Resources */,
				9851DEA322CB2D95004EE2D6 /* Preview Assets.xcassets in Resources */,
				9851DEA022CB2D95004EE2D6 /* Assets.xcassets in Resources */,
			);
			runOnlyForDeploymentPostprocessing = 0;
		};
/* End PBXResourcesBuildPhase section */

/* Begin PBXSourcesBuildPhase section */
		9851DE9222CB2D93004EE2D6 /* Sources */ = {
			isa = PBXSourcesBuildPhase;
			buildActionMask = 2147483647;
			files = (
				9851DE9A22CB2D93004EE2D6 /* AppDelegate.swift in Sources */,
				9851DE9C22CB2D93004EE2D6 /* SceneDelegate.swift in Sources */,
				9851DE9E22CB2D93004EE2D6 /* ContentView.swift in Sources */,
				9851DEB122CB334F004EE2D6 /* TextPage.swift in Sources */,
			);
			runOnlyForDeploymentPostprocessing = 0;
		};
/* End PBXSourcesBuildPhase section */

/* Begin PBXVariantGroup section */
		9851DEA422CB2D95004EE2D6 /* LaunchScreen.storyboard */ = {
			isa = PBXVariantGroup;
			children = (
				9851DEA522CB2D95004EE2D6 /* Base */,
			);
			name = LaunchScreen.storyboard;
			sourceTree = "<group>";
		};
/* End PBXVariantGroup section */

/* Begin XCBuildConfiguration section */
		9851DEA822CB2D95004EE2D6 /* Debug */ = {
			isa = XCBuildConfiguration;
			buildSettings = {
				ALWAYS_SEARCH_USER_PATHS = NO;
				CLANG_ANALYZER_NONNULL = YES;
				CLANG_ANALYZER_NUMBER_OBJECT_CONVERSION = YES_AGGRESSIVE;
				CLANG_CXX_LANGUAGE_STANDARD = "gnu++14";
				CLANG_CXX_LIBRARY = "libc++";
				CLANG_ENABLE_MODULES = YES;
				CLANG_ENABLE_OBJC_ARC = YES;
				CLANG_ENABLE_OBJC_WEAK = YES;
				CLANG_WARN_BLOCK_CAPTURE_AUTORELEASING = YES;
				CLANG_WARN_BOOL_CONVERSION = YES;
				CLANG_WARN_COMMA = YES;
				CLANG_WARN_CONSTANT_CONVERSION = YES;
				CLANG_WARN_DEPRECATED_OBJC_IMPLEMENTATIONS = YES;
				CLANG_WARN_DIRECT_OBJC_ISA_USAGE = YES_ERROR;
				CLANG_WARN_DOCUMENTATION_COMMENTS = YES;
				CLANG_WARN_EMPTY_BODY = YES;
				CLANG_WARN_ENUM_CONVERSION = YES;
				CLANG_WARN_INFINITE_RECURSION = YES;
				CLANG_WARN_INT_CONVERSION = YES;
				CLANG_WARN_NON_LITERAL_NULL_CONVERSION = YES;
				CLANG_WARN_OBJC_IMPLICIT_RETAIN_SELF = YES;
				CLANG_WARN_OBJC_LITERAL_CONVERSION = YES;
				CLANG_WARN_OBJC_ROOT_CLASS = YES_ERROR;
				CLANG_WARN_RANGE_LOOP_ANALYSIS = YES;
				CLANG_WARN_STRICT_PROTOTYPES = YES;
				CLANG_WARN_SUSPICIOUS_MOVE = YES;
				CLANG_WARN_UNGUARDED_AVAILABILITY = YES_AGGRESSIVE;
				CLANG_WARN_UNREACHABLE_CODE = YES;
				CLANG_WARN__DUPLICATE_METHOD_MATCH = YES;
				COPY_PHASE_STRIP = NO;
				DEBUG_INFORMATION_FORMAT = dwarf;
				ENABLE_STRICT_OBJC_MSGSEND = YES;
				ENABLE_TESTABILITY = YES;
				GCC_C_LANGUAGE_STANDARD = gnu11;
				GCC_DYNAMIC_NO_PIC = NO;
				GCC_NO_COMMON_BLOCKS = YES;
				GCC_OPTIMIZATION_LEVEL = 0;
				GCC_PREPROCESSOR_DEFINITIONS = (
					"DEBUG=1",
					"$(inherited)",
				);
				GCC_WARN_64_TO_32_BIT_CONVERSION = YES;
				GCC_WARN_ABOUT_RETURN_TYPE = YES_ERROR;
				GCC_WARN_UNDECLARED_SELECTOR = YES;
				GCC_WARN_UNINITIALIZED_AUTOS = YES_AGGRESSIVE;
				GCC_WARN_UNUSED_FUNCTION = YES;
				GCC_WARN_UNUSED_VARIABLE = YES;
				IPHONEOS_DEPLOYMENT_TARGET = 13.0;
				MTL_ENABLE_DEBUG_INFO = INCLUDE_SOURCE;
				MTL_FAST_MATH = YES;
				ONLY_ACTIVE_ARCH = YES;
				SDKROOT = iphoneos;
				SWIFT_ACTIVE_COMPILATION_CONDITIONS = DEBUG;
				SWIFT_OPTIMIZATION_LEVEL = "-Onone";
			};
			name = Debug;
		};
		9851DEA922CB2D95004EE2D6 /* Release */ = {
			isa = XCBuildConfiguration;
			buildSettings = {
				ALWAYS_SEARCH_USER_PATHS = NO;
				CLANG_ANALYZER_NONNULL = YES;
				CLANG_ANALYZER_NUMBER_OBJECT_CONVERSION = YES_AGGRESSIVE;
				CLANG_CXX_LANGUAGE_STANDARD = "gnu++14";
				CLANG_CXX_LIBRARY = "libc++";
				CLANG_ENABLE_MODULES = YES;
				CLANG_ENABLE_OBJC_ARC = YES;
				CLANG_ENABLE_OBJC_WEAK = YES;
				CLANG_WARN_BLOCK_CAPTURE_AUTORELEASING = YES;
				CLANG_WARN_BOOL_CONVERSION = YES;
				CLANG_WARN_COMMA = YES;
				CLANG_WARN_CONSTANT_CONVERSION = YES;
				CLANG_WARN_DEPRECATED_OBJC_IMPLEMENTATIONS = YES;
				CLANG_WARN_DIRECT_OBJC_ISA_USAGE = YES_ERROR;
				CLANG_WARN_DOCUMENTATION_COMMENTS = YES;
				CLANG_WARN_EMPTY_BODY = YES;
				CLANG_WARN_ENUM_CONVERSION = YES;
				CLANG_WARN_INFINITE_RECURSION = YES;
				CLANG_WARN_INT_CONVERSION = YES;
				CLANG_WARN_NON_LITERAL_NULL_CONVERSION = YES;
				CLANG_WARN_OBJC_IMPLICIT_RETAIN_SELF = YES;
				CLANG_WARN_OBJC_LITERAL_CONVERSION = YES;
				CLANG_WARN_OBJC_ROOT_CLASS = YES_ERROR;
				CLANG_WARN_RANGE_LOOP_ANALYSIS = YES;
				CLANG_WARN_STRICT_PROTOTYPES = YES;
				CLANG_WARN_SUSPICIOUS_MOVE = YES;
				CLANG_WARN_UNGUARDED_AVAILABILITY = YES_AGGRESSIVE;
				CLANG_WARN_UNREACHABLE_CODE = YES;
				CLANG_WARN__DUPLICATE_METHOD_MATCH = YES;
				COPY_PHASE_STRIP = NO;
				DEBUG_INFORMATION_FORMAT = "dwarf-with-dsym";
				ENABLE_NS_ASSERTIONS = NO;
				ENABLE_STRICT_OBJC_MSGSEND = YES;
				GCC_C_LANGUAGE_STANDARD = gnu11;
				GCC_NO_COMMON_BLOCKS = YES;
				GCC_WARN_64_TO_32_BIT_CONVERSION = YES;
				GCC_WARN_ABOUT_RETURN_TYPE = YES_ERROR;
				GCC_WARN_UNDECLARED_SELECTOR = YES;
				GCC_WARN_UNINITIALIZED_AUTOS = YES_AGGRESSIVE;
				GCC_WARN_UNUSED_FUNCTION = YES;
				GCC_WARN_UNUSED_VARIABLE = YES;
				IPHONEOS_DEPLOYMENT_TARGET = 13.0;
				MTL_ENABLE_DEBUG_INFO = NO;
				MTL_FAST_MATH = YES;
				SDKROOT = iphoneos;
				SWIFT_COMPILATION_MODE = wholemodule;
				SWIFT_OPTIMIZATION_LEVEL = "-O";
				VALIDATE_PRODUCT = YES;
			};
			name = Release;
		};
		9851DEAB22CB2D95004EE2D6 /* Debug */ = {
			isa = XCBuildConfiguration;
			buildSettings = {
				ASSETCATALOG_COMPILER_APPICON_NAME = AppIcon;
				CODE_SIGN_STYLE = Automatic;
				DEVELOPMENT_ASSET_PATHS = "SwiftUIDemo/Preview\\ Content";
				ENABLE_PREVIEWS = YES;
				INFOPLIST_FILE = SwiftUIDemo/Info.plist;
				LD_RUNPATH_SEARCH_PATHS = (
					"$(inherited)",
					"@executable_path/Frameworks",
				);
				PRODUCT_BUNDLE_IDENTIFIER = com.Ethanz.SwiftUIDemo;
				PRODUCT_NAME = "$(TARGET_NAME)";
				SWIFT_VERSION = 5.0;
				TARGETED_DEVICE_FAMILY = "1,2";
			};
			name = Debug;
		};
		9851DEAC22CB2D95004EE2D6 /* Release */ = {
			isa = XCBuildConfiguration;
			buildSettings = {
				ASSETCATALOG_COMPILER_APPICON_NAME = AppIcon;
				CODE_SIGN_STYLE = Automatic;
				DEVELOPMENT_ASSET_PATHS = "SwiftUIDemo/Preview\\ Content";
				ENABLE_PREVIEWS = YES;
				INFOPLIST_FILE = SwiftUIDemo/Info.plist;
				LD_RUNPATH_SEARCH_PATHS = (
					"$(inherited)",
					"@executable_path/Frameworks",
				);
				PRODUCT_BUNDLE_IDENTIFIER = com.Ethanz.SwiftUIDemo;
				PRODUCT_NAME = "$(TARGET_NAME)";
				SWIFT_VERSION = 5.0;
				TARGETED_DEVICE_FAMILY = "1,2";
			};
			name = Release;
		};
/* End XCBuildConfiguration section */

/* Begin XCConfigurationList section */
		9851DE9122CB2D93004EE2D6 /* Build configuration list for PBXProject "SwiftUIDemo" */ = {
			isa = XCConfigurationList;
			buildConfigurations = (
				9851DEA822CB2D95004EE2D6 /* Debug */,
				9851DEA922CB2D95004EE2D6 /* Release */,
			);
			defaultConfigurationIsVisible = 0;
			defaultConfigurationName = Release;
		};
		9851DEAA22CB2D95004EE2D6 /* Build configuration list for PBXNativeTarget "SwiftUIDemo" */ = {
			isa = XCConfigurationList;
			buildConfigurations = (
				9851DEAB22CB2D95004EE2D6 /* Debug */,
				9851DEAC22CB2D95004EE2D6 /* Release */,
			);
			defaultConfigurationIsVisible = 0;
			defaultConfigurationName = Release;
		};
/* End XCConfigurationList section */
	};
	rootObject = 9851DE8E22CB2D93004EE2D6 /* Project object */;
}
