// !$*UTF8*$!
{
	archiveVersion = 1;
	classes = {
	};
	objectVersion = 52;
	objects = {

/* Begin PBXBuildFile section */
		9851FD8E28353E8F009D4A42 /* ViewTraining.swift in Sources */ = {isa = PBXBuildFile; fileRef = 9851FD8D28353E8F009D4A42 /* ViewTraining.swift */; };
		988293B5281B8FD400DA1283 /* SDWebImageSwiftUI in Frameworks */ = {isa = PBXBuildFile; productRef = 988293B4281B8FD400DA1283 /* SDWebImageSwiftUI */; };
		98B275B92847A72300A7637F /* video1.mp4 in Resources */ = {isa = PBXBuildFile; fileRef = 98B275B32847A72100A7637F /* video1.mp4 */; };
		98B275BA2847A72300A7637F /* video2.mp4 in Resources */ = {isa = PBXBuildFile; fileRef = 98B275B42847A72200A7637F /* video2.mp4 */; };
		98B275BB2847A72300A7637F /* video4.mp4 in Resources */ = {isa = PBXBuildFile; fileRef = 98B275B52847A72200A7637F /* video4.mp4 */; };
		98B275BC2847A72300A7637F /* video3.mp4 in Resources */ = {isa = PBXBuildFile; fileRef = 98B275B62847A72200A7637F /* video3.mp4 */; };
		98B275BD2847A72300A7637F /* video5.mp4 in Resources */ = {isa = PBXBuildFile; fileRef = 98B275B72847A72300A7637F /* video5.mp4 */; };
		98B275BE2847A72300A7637F /* video6.mp4 in Resources */ = {isa = PBXBuildFile; fileRef = 98B275B82847A72300A7637F /* video6.mp4 */; };
		98B275C12847A9F300A7637F /* Tiktok.swift in Sources */ = {isa = PBXBuildFile; fileRef = 98B275C02847A9F300A7637F /* Tiktok.swift */; };
		98B275C42856764E00A7637F /* StickyHeader.swift in Sources */ = {isa = PBXBuildFile; fileRef = 98B275C32856764D00A7637F /* StickyHeader.swift */; };
		98D9E7C026B1402200997160 /* SwipeMenu.swift in Sources */ = {isa = PBXBuildFile; fileRef = 98D9E7BF26B1402200997160 /* SwipeMenu.swift */; };
		98E4E03526AA63AD00838591 /* AppDelegate.swift in Sources */ = {isa = PBXBuildFile; fileRef = 98E4E03426AA63AD00838591 /* AppDelegate.swift */; };
		98E4E03726AA63AD00838591 /* SceneDelegate.swift in Sources */ = {isa = PBXBuildFile; fileRef = 98E4E03626AA63AD00838591 /* SceneDelegate.swift */; };
		98E4E03926AA63AD00838591 /* ContentView.swift in Sources */ = {isa = PBXBuildFile; fileRef = 98E4E03826AA63AD00838591 /* ContentView.swift */; };
		98E4E03C26AA63AD00838591 /* SwiftUIDemo.xcdatamodeld in Sources */ = {isa = PBXBuildFile; fileRef = 98E4E03A26AA63AD00838591 /* SwiftUIDemo.xcdatamodeld */; };
		98E4E03E26AA63AE00838591 /* Assets.xcassets in Resources */ = {isa = PBXBuildFile; fileRef = 98E4E03D26AA63AE00838591 /* Assets.xcassets */; };
		98E4E04126AA63AE00838591 /* Preview Assets.xcassets in Resources */ = {isa = PBXBuildFile; fileRef = 98E4E04026AA63AE00838591 /* Preview Assets.xcassets */; };
		98E4E04426AA63AE00838591 /* LaunchScreen.storyboard in Resources */ = {isa = PBXBuildFile; fileRef = 98E4E04226AA63AE00838591 /* LaunchScreen.storyboard */; };
		98E4E05B26AA644200838591 /* VerticalTabbar.swift in Sources */ = {isa = PBXBuildFile; fileRef = 98E4E05026AA644200838591 /* VerticalTabbar.swift */; };
		98E4E05C26AA644200838591 /* UnSplashApp.swift in Sources */ = {isa = PBXBuildFile; fileRef = 98E4E05226AA644200838591 /* UnSplashApp.swift */; };
		98E4E05D26AA644200838591 /* TodoList.swift in Sources */ = {isa = PBXBuildFile; fileRef = 98E4E05426AA644200838591 /* TodoList.swift */; };
		98E4E05E26AA644200838591 /* TravelAppUI.swift in Sources */ = {isa = PBXBuildFile; fileRef = 98E4E05626AA644200838591 /* TravelAppUI.swift */; };
		98E4E05F26AA644200838591 /* UnSplashApp2PhotoList.swift in Sources */ = {isa = PBXBuildFile; fileRef = 98E4E05826AA644200838591 /* UnSplashApp2PhotoList.swift */; };
		98E4E06026AA644200838591 /* UnSplashApp2.swift in Sources */ = {isa = PBXBuildFile; fileRef = 98E4E05926AA644200838591 /* UnSplashApp2.swift */; };
		98E4E06126AA644200838591 /* UnSplashApp2Menu.swift in Sources */ = {isa = PBXBuildFile; fileRef = 98E4E05A26AA644200838591 /* UnSplashApp2Menu.swift */; };
		98E4E06526AA644C00838591 /* RectCornerShape.swift in Sources */ = {isa = PBXBuildFile; fileRef = 98E4E06326AA644C00838591 /* RectCornerShape.swift */; };
		98E4E06626AA644C00838591 /* View+Extension.swift in Sources */ = {isa = PBXBuildFile; fileRef = 98E4E06426AA644C00838591 /* View+Extension.swift */; };
		98E4E06C26AA936300838591 /* BGTimer.swift in Sources */ = {isa = PBXBuildFile; fileRef = 98E4E06B26AA936300838591 /* BGTimer.swift */; };
		98F99C7F2826532C00FD21F5 /* DemoList.swift in Sources */ = {isa = PBXBuildFile; fileRef = 98F99C7E2826532C00FD21F5 /* DemoList.swift */; };
		98F99C812826536E00FD21F5 /* BaseViewList.swift in Sources */ = {isa = PBXBuildFile; fileRef = 98F99C802826536E00FD21F5 /* BaseViewList.swift */; };
		98F99C84282763B900FD21F5 /* AccessibilityModifier.swift in Sources */ = {isa = PBXBuildFile; fileRef = 98F99C83282763B900FD21F5 /* AccessibilityModifier.swift */; };
		98F99C862827647000FD21F5 /* AppearanceModifier.swift in Sources */ = {isa = PBXBuildFile; fileRef = 98F99C852827647000FD21F5 /* AppearanceModifier.swift */; };
/* End PBXBuildFile section */

/* Begin PBXFileReference section */
		9851FD8D28353E8F009D4A42 /* ViewTraining.swift */ = {isa = PBXFileReference; lastKnownFileType = sourcecode.swift; path = ViewTraining.swift; sourceTree = "<group>"; };
		98B275B32847A72100A7637F /* video1.mp4 */ = {isa = PBXFileReference; lastKnownFileType = file; path = video1.mp4; sourceTree = "<group>"; };
		98B275B42847A72200A7637F /* video2.mp4 */ = {isa = PBXFileReference; lastKnownFileType = file; path = video2.mp4; sourceTree = "<group>"; };
		98B275B52847A72200A7637F /* video4.mp4 */ = {isa = PBXFileReference; lastKnownFileType = file; path = video4.mp4; sourceTree = "<group>"; };
		98B275B62847A72200A7637F /* video3.mp4 */ = {isa = PBXFileReference; lastKnownFileType = file; path = video3.mp4; sourceTree = "<group>"; };
		98B275B72847A72300A7637F /* video5.mp4 */ = {isa = PBXFileReference; lastKnownFileType = file; path = video5.mp4; sourceTree = "<group>"; };
		98B275B82847A72300A7637F /* video6.mp4 */ = {isa = PBXFileReference; lastKnownFileType = file; path = video6.mp4; sourceTree = "<group>"; };
		98B275C02847A9F300A7637F /* Tiktok.swift */ = {isa = PBXFileReference; lastKnownFileType = sourcecode.swift; path = Tiktok.swift; sourceTree = "<group>"; };
		98B275C32856764D00A7637F /* StickyHeader.swift */ = {isa = PBXFileReference; lastKnownFileType = sourcecode.swift; path = StickyHeader.swift; sourceTree = "<group>"; };
		98D9E7BF26B1402200997160 /* SwipeMenu.swift */ = {isa = PBXFileReference; lastKnownFileType = sourcecode.swift; path = SwipeMenu.swift; sourceTree = "<group>"; };
		98E4E03126AA63AD00838591 /* SwiftUIDemo.app */ = {isa = PBXFileReference; explicitFileType = wrapper.application; includeInIndex = 0; path = SwiftUIDemo.app; sourceTree = BUILT_PRODUCTS_DIR; };
		98E4E03426AA63AD00838591 /* AppDelegate.swift */ = {isa = PBXFileReference; lastKnownFileType = sourcecode.swift; path = AppDelegate.swift; sourceTree = "<group>"; };
		98E4E03626AA63AD00838591 /* SceneDelegate.swift */ = {isa = PBXFileReference; lastKnownFileType = sourcecode.swift; path = SceneDelegate.swift; sourceTree = "<group>"; };
		98E4E03826AA63AD00838591 /* ContentView.swift */ = {isa = PBXFileReference; lastKnownFileType = sourcecode.swift; path = ContentView.swift; sourceTree = "<group>"; };
		98E4E03B26AA63AD00838591 /* SwiftUIDemo.xcdatamodel */ = {isa = PBXFileReference; lastKnownFileType = wrapper.xcdatamodel; path = SwiftUIDemo.xcdatamodel; sourceTree = "<group>"; };
		98E4E03D26AA63AE00838591 /* Assets.xcassets */ = {isa = PBXFileReference; lastKnownFileType = folder.assetcatalog; path = Assets.xcassets; sourceTree = "<group>"; };
		98E4E04026AA63AE00838591 /* Preview Assets.xcassets */ = {isa = PBXFileReference; lastKnownFileType = folder.assetcatalog; path = "Preview Assets.xcassets"; sourceTree = "<group>"; };
		98E4E04326AA63AE00838591 /* Base */ = {isa = PBXFileReference; lastKnownFileType = file.storyboard; name = Base; path = Base.lproj/LaunchScreen.storyboard; sourceTree = "<group>"; };
		98E4E04526AA63AE00838591 /* Info.plist */ = {isa = PBXFileReference; lastKnownFileType = text.plist.xml; path = Info.plist; sourceTree = "<group>"; };
		98E4E05026AA644200838591 /* VerticalTabbar.swift */ = {isa = PBXFileReference; fileEncoding = 4; lastKnownFileType = sourcecode.swift; path = VerticalTabbar.swift; sourceTree = "<group>"; };
		98E4E05226AA644200838591 /* UnSplashApp.swift */ = {isa = PBXFileReference; fileEncoding = 4; lastKnownFileType = sourcecode.swift; path = UnSplashApp.swift; sourceTree = "<group>"; };
		98E4E05426AA644200838591 /* TodoList.swift */ = {isa = PBXFileReference; fileEncoding = 4; lastKnownFileType = sourcecode.swift; path = TodoList.swift; sourceTree = "<group>"; };
		98E4E05626AA644200838591 /* TravelAppUI.swift */ = {isa = PBXFileReference; fileEncoding = 4; lastKnownFileType = sourcecode.swift; path = TravelAppUI.swift; sourceTree = "<group>"; };
		98E4E05826AA644200838591 /* UnSplashApp2PhotoList.swift */ = {isa = PBXFileReference; fileEncoding = 4; lastKnownFileType = sourcecode.swift; path = UnSplashApp2PhotoList.swift; sourceTree = "<group>"; };
		98E4E05926AA644200838591 /* UnSplashApp2.swift */ = {isa = PBXFileReference; fileEncoding = 4; lastKnownFileType = sourcecode.swift; path = UnSplashApp2.swift; sourceTree = "<group>"; };
		98E4E05A26AA644200838591 /* UnSplashApp2Menu.swift */ = {isa = PBXFileReference; fileEncoding = 4; lastKnownFileType = sourcecode.swift; path = UnSplashApp2Menu.swift; sourceTree = "<group>"; };
		98E4E06326AA644C00838591 /* RectCornerShape.swift */ = {isa = PBXFileReference; fileEncoding = 4; lastKnownFileType = sourcecode.swift; path = RectCornerShape.swift; sourceTree = "<group>"; };
		98E4E06426AA644C00838591 /* View+Extension.swift */ = {isa = PBXFileReference; fileEncoding = 4; lastKnownFileType = sourcecode.swift; path = "View+Extension.swift"; sourceTree = "<group>"; };
		98E4E06B26AA936300838591 /* BGTimer.swift */ = {isa = PBXFileReference; lastKnownFileType = sourcecode.swift; path = BGTimer.swift; sourceTree = "<group>"; };
		98F99C7E2826532C00FD21F5 /* DemoList.swift */ = {isa = PBXFileReference; lastKnownFileType = sourcecode.swift; path = DemoList.swift; sourceTree = "<group>"; };
		98F99C802826536E00FD21F5 /* BaseViewList.swift */ = {isa = PBXFileReference; lastKnownFileType = sourcecode.swift; path = BaseViewList.swift; sourceTree = "<group>"; };
		98F99C83282763B900FD21F5 /* AccessibilityModifier.swift */ = {isa = PBXFileReference; lastKnownFileType = sourcecode.swift; path = AccessibilityModifier.swift; sourceTree = "<group>"; };
		98F99C852827647000FD21F5 /* AppearanceModifier.swift */ = {isa = PBXFileReference; lastKnownFileType = sourcecode.swift; path = AppearanceModifier.swift; sourceTree = "<group>"; };
/* End PBXFileReference section */

/* Begin PBXFrameworksBuildPhase section */
		98E4E02E26AA63AD00838591 /* Frameworks */ = {
			isa = PBXFrameworksBuildPhase;
			buildActionMask = 2147483647;
			files = (
				988293B5281B8FD400DA1283 /* SDWebImageSwiftUI in Frameworks */,
			);
			runOnlyForDeploymentPostprocessing = 0;
		};
/* End PBXFrameworksBuildPhase section */

/* Begin PBXGroup section */
		9851FD8C28353E33009D4A42 /* TrainingGround */ = {
			isa = PBXGroup;
			children = (
				9851FD8D28353E8F009D4A42 /* ViewTraining.swift */,
			);
			path = TrainingGround;
			sourceTree = "<group>";
		};
		988293B3281B8FD400DA1283 /* Frameworks */ = {
			isa = PBXGroup;
			children = (
			);
			name = Frameworks;
			sourceTree = "<group>";
		};
		98B275B12847A6E400A7637F /* video */ = {
			isa = PBXGroup;
			children = (
				98B275B22847A6F700A7637F /* tikto */,
			);
			path = video;
			sourceTree = "<group>";
		};
		98B275B22847A6F700A7637F /* tikto */ = {
			isa = PBXGroup;
			children = (
				98B275B32847A72100A7637F /* video1.mp4 */,
				98B275B42847A72200A7637F /* video2.mp4 */,
				98B275B62847A72200A7637F /* video3.mp4 */,
				98B275B52847A72200A7637F /* video4.mp4 */,
				98B275B72847A72300A7637F /* video5.mp4 */,
				98B275B82847A72300A7637F /* video6.mp4 */,
			);
			path = tikto;
			sourceTree = "<group>";
		};
		98B275BF2847A73900A7637F /* Tiktok */ = {
			isa = PBXGroup;
			children = (
				98B275C02847A9F300A7637F /* Tiktok.swift */,
			);
			path = Tiktok;
			sourceTree = "<group>";
		};
		98B275C2285675C000A7637F /* StickyHeader */ = {
			isa = PBXGroup;
			children = (
				98B275C32856764D00A7637F /* StickyHeader.swift */,
			);
			path = StickyHeader;
			sourceTree = "<group>";
		};
		98D9E7BE26B13FF100997160 /* SwipeMenu */ = {
			isa = PBXGroup;
			children = (
				98D9E7BF26B1402200997160 /* SwipeMenu.swift */,
			);
			path = SwipeMenu;
			sourceTree = "<group>";
		};
		98E4E02826AA63AD00838591 = {
			isa = PBXGroup;
			children = (
				98E4E03326AA63AD00838591 /* SwiftUIDemo */,
				98E4E03226AA63AD00838591 /* Products */,
				988293B3281B8FD400DA1283 /* Frameworks */,
			);
			sourceTree = "<group>";
		};
		98E4E03226AA63AD00838591 /* Products */ = {
			isa = PBXGroup;
			children = (
				98E4E03126AA63AD00838591 /* SwiftUIDemo.app */,
			);
			name = Products;
			sourceTree = "<group>";
		};
		98E4E03326AA63AD00838591 /* SwiftUIDemo */ = {
			isa = PBXGroup;
			children = (
				98E4E03826AA63AD00838591 /* ContentView.swift */,
				98E4E04E26AA644200838591 /* SwiftUI */,
				98E4E06226AA644C00838591 /* Helper */,
				98E4E04C26AA63E600838591 /* Main */,
				98E4E04B26AA63BE00838591 /* Source */,
				98E4E03A26AA63AD00838591 /* SwiftUIDemo.xcdatamodeld */,
				98E4E03F26AA63AE00838591 /* Preview Content */,
			);
			path = SwiftUIDemo;
			sourceTree = "<group>";
		};
		98E4E03F26AA63AE00838591 /* Preview Content */ = {
			isa = PBXGroup;
			children = (
				98E4E04026AA63AE00838591 /* Preview Assets.xcassets */,
			);
			path = "Preview Content";
			sourceTree = "<group>";
		};
		98E4E04B26AA63BE00838591 /* Source */ = {
			isa = PBXGroup;
			children = (
				98B275B12847A6E400A7637F /* video */,
				98E4E04226AA63AE00838591 /* LaunchScreen.storyboard */,
				98E4E03D26AA63AE00838591 /* Assets.xcassets */,
				98E4E04526AA63AE00838591 /* Info.plist */,
			);
			path = Source;
			sourceTree = "<group>";
		};
		98E4E04C26AA63E600838591 /* Main */ = {
			isa = PBXGroup;
			children = (
				98E4E03426AA63AD00838591 /* AppDelegate.swift */,
				98E4E03626AA63AD00838591 /* SceneDelegate.swift */,
			);
			path = Main;
			sourceTree = "<group>";
		};
		98E4E04E26AA644200838591 /* SwiftUI */ = {
			isa = PBXGroup;
			children = (
				9851FD8C28353E33009D4A42 /* TrainingGround */,
				98F99C7D282652E200FD21F5 /* BaseViews */,
				98F99C7C282652B600FD21F5 /* Demos */,
			);
			path = SwiftUI;
			sourceTree = "<group>";
		};
		98E4E04F26AA644200838591 /* VerticalTabbar */ = {
			isa = PBXGroup;
			children = (
				98E4E05026AA644200838591 /* VerticalTabbar.swift */,
			);
			path = VerticalTabbar;
			sourceTree = "<group>";
		};
		98E4E05126AA644200838591 /* UnSplashApp */ = {
			isa = PBXGroup;
			children = (
				98E4E05226AA644200838591 /* UnSplashApp.swift */,
			);
			path = UnSplashApp;
			sourceTree = "<group>";
		};
		98E4E05326AA644200838591 /* TodoList */ = {
			isa = PBXGroup;
			children = (
				98E4E05426AA644200838591 /* TodoList.swift */,
			);
			path = TodoList;
			sourceTree = "<group>";
		};
		98E4E05526AA644200838591 /* TravelAppUI */ = {
			isa = PBXGroup;
			children = (
				98E4E05626AA644200838591 /* TravelAppUI.swift */,
			);
			path = TravelAppUI;
			sourceTree = "<group>";
		};
		98E4E05726AA644200838591 /* UnSplashApp2 */ = {
			isa = PBXGroup;
			children = (
				98E4E05826AA644200838591 /* UnSplashApp2PhotoList.swift */,
				98E4E05926AA644200838591 /* UnSplashApp2.swift */,
				98E4E05A26AA644200838591 /* UnSplashApp2Menu.swift */,
			);
			path = UnSplashApp2;
			sourceTree = "<group>";
		};
		98E4E06226AA644C00838591 /* Helper */ = {
			isa = PBXGroup;
			children = (
				98E4E06326AA644C00838591 /* RectCornerShape.swift */,
				98E4E06426AA644C00838591 /* View+Extension.swift */,
			);
			path = Helper;
			sourceTree = "<group>";
		};
		98E4E06A26AA934E00838591 /* BGTimer */ = {
			isa = PBXGroup;
			children = (
				98E4E06B26AA936300838591 /* BGTimer.swift */,
			);
			path = BGTimer;
			sourceTree = "<group>";
		};
		98F99C7C282652B600FD21F5 /* Demos */ = {
			isa = PBXGroup;
			children = (
				98B275C2285675C000A7637F /* StickyHeader */,
				98B275BF2847A73900A7637F /* Tiktok */,
				98D9E7BE26B13FF100997160 /* SwipeMenu */,
				98E4E06A26AA934E00838591 /* BGTimer */,
				98E4E04F26AA644200838591 /* VerticalTabbar */,
				98E4E05126AA644200838591 /* UnSplashApp */,
				98E4E05326AA644200838591 /* TodoList */,
				98E4E05526AA644200838591 /* TravelAppUI */,
				98E4E05726AA644200838591 /* UnSplashApp2 */,
				98F99C7E2826532C00FD21F5 /* DemoList.swift */,
			);
			path = Demos;
			sourceTree = "<group>";
		};
		98F99C7D282652E200FD21F5 /* BaseViews */ = {
			isa = PBXGroup;
			children = (
				98F99C822826656900FD21F5 /* ViewModifier */,
				98F99C802826536E00FD21F5 /* BaseViewList.swift */,
			);
			path = BaseViews;
			sourceTree = "<group>";
		};
		98F99C822826656900FD21F5 /* ViewModifier */ = {
			isa = PBXGroup;
			children = (
				98F99C83282763B900FD21F5 /* AccessibilityModifier.swift */,
				98F99C852827647000FD21F5 /* AppearanceModifier.swift */,
			);
			path = ViewModifier;
			sourceTree = "<group>";
		};
/* End PBXGroup section */

/* Begin PBXNativeTarget section */
		98E4E03026AA63AD00838591 /* SwiftUIDemo */ = {
			isa = PBXNativeTarget;
			buildConfigurationList = 98E4E04826AA63AE00838591 /* Build configuration list for PBXNativeTarget "SwiftUIDemo" */;
			buildPhases = (
				98E4E02D26AA63AD00838591 /* Sources */,
				98E4E02E26AA63AD00838591 /* Frameworks */,
				98E4E02F26AA63AD00838591 /* Resources */,
			);
			buildRules = (
			);
			dependencies = (
			);
			name = SwiftUIDemo;
			packageProductDependencies = (
				988293B4281B8FD400DA1283 /* SDWebImageSwiftUI */,
			);
			productName = SwiftUIDemo;
			productReference = 98E4E03126AA63AD00838591 /* SwiftUIDemo.app */;
			productType = "com.apple.product-type.application";
		};
/* End PBXNativeTarget section */

/* Begin PBXProject section */
		98E4E02926AA63AD00838591 /* Project object */ = {
			isa = PBXProject;
			attributes = {
				LastSwiftUpdateCheck = 1250;
				LastUpgradeCheck = 1250;
				TargetAttributes = {
					98E4E03026AA63AD00838591 = {
						CreatedOnToolsVersion = 12.5.1;
					};
				};
			};
			buildConfigurationList = 98E4E02C26AA63AD00838591 /* Build configuration list for PBXProject "SwiftUIDemo" */;
			compatibilityVersion = "Xcode 9.3";
			developmentRegion = en;
			hasScannedForEncodings = 0;
			knownRegions = (
				en,
				Base,
			);
			mainGroup = 98E4E02826AA63AD00838591;
			packageReferences = (
				98E4E06726AA69E700838591 /* XCRemoteSwiftPackageReference "SDWebImageSwiftUI" */,
			);
			productRefGroup = 98E4E03226AA63AD00838591 /* Products */;
			projectDirPath = "";
			projectRoot = "";
			targets = (
				98E4E03026AA63AD00838591 /* SwiftUIDemo */,
			);
		};
/* End PBXProject section */

/* Begin PBXResourcesBuildPhase section */
		98E4E02F26AA63AD00838591 /* Resources */ = {
			isa = PBXResourcesBuildPhase;
			buildActionMask = 2147483647;
			files = (
				98B275BB2847A72300A7637F /* video4.mp4 in Resources */,
				98E4E04426AA63AE00838591 /* LaunchScreen.storyboard in Resources */,
				98B275B92847A72300A7637F /* video1.mp4 in Resources */,
				98E4E04126AA63AE00838591 /* Preview Assets.xcassets in Resources */,
				98B275BA2847A72300A7637F /* video2.mp4 in Resources */,
				98B275BD2847A72300A7637F /* video5.mp4 in Resources */,
				98E4E03E26AA63AE00838591 /* Assets.xcassets in Resources */,
				98B275BE2847A72300A7637F /* video6.mp4 in Resources */,
				98B275BC2847A72300A7637F /* video3.mp4 in Resources */,
			);
			runOnlyForDeploymentPostprocessing = 0;
		};
/* End PBXResourcesBuildPhase section */

/* Begin PBXSourcesBuildPhase section */
		98E4E02D26AA63AD00838591 /* Sources */ = {
			isa = PBXSourcesBuildPhase;
			buildActionMask = 2147483647;
			files = (
				98E4E05B26AA644200838591 /* VerticalTabbar.swift in Sources */,
				98E4E05E26AA644200838591 /* TravelAppUI.swift in Sources */,
				98E4E05D26AA644200838591 /* TodoList.swift in Sources */,
				98E4E03C26AA63AD00838591 /* SwiftUIDemo.xcdatamodeld in Sources */,
				98E4E06C26AA936300838591 /* BGTimer.swift in Sources */,
				98E4E03526AA63AD00838591 /* AppDelegate.swift in Sources */,
				98E4E05C26AA644200838591 /* UnSplashApp.swift in Sources */,
				98E4E05F26AA644200838591 /* UnSplashApp2PhotoList.swift in Sources */,
				9851FD8E28353E8F009D4A42 /* ViewTraining.swift in Sources */,
				98B275C12847A9F300A7637F /* Tiktok.swift in Sources */,
				98D9E7C026B1402200997160 /* SwipeMenu.swift in Sources */,
				98B275C42856764E00A7637F /* StickyHeader.swift in Sources */,
				98E4E06126AA644200838591 /* UnSplashApp2Menu.swift in Sources */,
				98F99C7F2826532C00FD21F5 /* DemoList.swift in Sources */,
				98F99C84282763B900FD21F5 /* AccessibilityModifier.swift in Sources */,
				98F99C812826536E00FD21F5 /* BaseViewList.swift in Sources */,
				98E4E06526AA644C00838591 /* RectCornerShape.swift in Sources */,
				98F99C862827647000FD21F5 /* AppearanceModifier.swift in Sources */,
				98E4E03726AA63AD00838591 /* SceneDelegate.swift in Sources */,
				98E4E06626AA644C00838591 /* View+Extension.swift in Sources */,
				98E4E06026AA644200838591 /* UnSplashApp2.swift in Sources */,
				98E4E03926AA63AD00838591 /* ContentView.swift in Sources */,
			);
			runOnlyForDeploymentPostprocessing = 0;
		};
/* End PBXSourcesBuildPhase section */

/* Begin PBXVariantGroup section */
		98E4E04226AA63AE00838591 /* LaunchScreen.storyboard */ = {
			isa = PBXVariantGroup;
			children = (
				98E4E04326AA63AE00838591 /* Base */,
			);
			name = LaunchScreen.storyboard;
			sourceTree = "<group>";
		};
/* End PBXVariantGroup section */

/* Begin XCBuildConfiguration section */
		98E4E04626AA63AE00838591 /* Debug */ = {
			isa = XCBuildConfiguration;
			buildSettings = {
				ALWAYS_SEARCH_USER_PATHS = NO;
				CLANG_ANALYZER_NONNULL = YES;
				CLANG_ANALYZER_NUMBER_OBJECT_CONVERSION = YES_AGGRESSIVE;
				CLANG_CXX_LANGUAGE_STANDARD = "gnu++14";
				CLANG_CXX_LIBRARY = "libc++";
				CLANG_ENABLE_MODULES = YES;
				CLANG_ENABLE_OBJC_ARC = YES;
				CLANG_ENABLE_OBJC_WEAK = YES;
				CLANG_WARN_BLOCK_CAPTURE_AUTORELEASING = YES;
				CLANG_WARN_BOOL_CONVERSION = YES;
				CLANG_WARN_COMMA = YES;
				CLANG_WARN_CONSTANT_CONVERSION = YES;
				CLANG_WARN_DEPRECATED_OBJC_IMPLEMENTATIONS = YES;
				CLANG_WARN_DIRECT_OBJC_ISA_USAGE = YES_ERROR;
				CLANG_WARN_DOCUMENTATION_COMMENTS = YES;
				CLANG_WARN_EMPTY_BODY = YES;
				CLANG_WARN_ENUM_CONVERSION = YES;
				CLANG_WARN_INFINITE_RECURSION = YES;
				CLANG_WARN_INT_CONVERSION = YES;
				CLANG_WARN_NON_LITERAL_NULL_CONVERSION = YES;
				CLANG_WARN_OBJC_IMPLICIT_RETAIN_SELF = YES;
				CLANG_WARN_OBJC_LITERAL_CONVERSION = YES;
				CLANG_WARN_OBJC_ROOT_CLASS = YES_ERROR;
				CLANG_WARN_QUOTED_INCLUDE_IN_FRAMEWORK_HEADER = YES;
				CLANG_WARN_RANGE_LOOP_ANALYSIS = YES;
				CLANG_WARN_STRICT_PROTOTYPES = YES;
				CLANG_WARN_SUSPICIOUS_MOVE = YES;
				CLANG_WARN_UNGUARDED_AVAILABILITY = YES_AGGRESSIVE;
				CLANG_WARN_UNREACHABLE_CODE = YES;
				CLANG_WARN__DUPLICATE_METHOD_MATCH = YES;
				COPY_PHASE_STRIP = NO;
				DEBUG_INFORMATION_FORMAT = dwarf;
				ENABLE_STRICT_OBJC_MSGSEND = YES;
				ENABLE_TESTABILITY = YES;
				GCC_C_LANGUAGE_STANDARD = gnu11;
				GCC_DYNAMIC_NO_PIC = NO;
				GCC_NO_COMMON_BLOCKS = YES;
				GCC_OPTIMIZATION_LEVEL = 0;
				GCC_PREPROCESSOR_DEFINITIONS = (
					"DEBUG=1",
					"$(inherited)",
				);
				GCC_WARN_64_TO_32_BIT_CONVERSION = YES;
				GCC_WARN_ABOUT_RETURN_TYPE = YES_ERROR;
				GCC_WARN_UNDECLARED_SELECTOR = YES;
				GCC_WARN_UNINITIALIZED_AUTOS = YES_AGGRESSIVE;
				GCC_WARN_UNUSED_FUNCTION = YES;
				GCC_WARN_UNUSED_VARIABLE = YES;
				INFOPLIST_FILE = "";
				IPHONEOS_DEPLOYMENT_TARGET = 14.5;
				MTL_ENABLE_DEBUG_INFO = INCLUDE_SOURCE;
				MTL_FAST_MATH = YES;
				ONLY_ACTIVE_ARCH = YES;
				SDKROOT = iphoneos;
				SWIFT_ACTIVE_COMPILATION_CONDITIONS = DEBUG;
				SWIFT_OPTIMIZATION_LEVEL = "-Onone";
			};
			name = Debug;
		};
		98E4E04726AA63AE00838591 /* Release */ = {
			isa = XCBuildConfiguration;
			buildSettings = {
				ALWAYS_SEARCH_USER_PATHS = NO;
				CLANG_ANALYZER_NONNULL = YES;
				CLANG_ANALYZER_NUMBER_OBJECT_CONVERSION = YES_AGGRESSIVE;
				CLANG_CXX_LANGUAGE_STANDARD = "gnu++14";
				CLANG_CXX_LIBRARY = "libc++";
				CLANG_ENABLE_MODULES = YES;
				CLANG_ENABLE_OBJC_ARC = YES;
				CLANG_ENABLE_OBJC_WEAK = YES;
				CLANG_WARN_BLOCK_CAPTURE_AUTORELEASING = YES;
				CLANG_WARN_BOOL_CONVERSION = YES;
				CLANG_WARN_COMMA = YES;
				CLANG_WARN_CONSTANT_CONVERSION = YES;
				CLANG_WARN_DEPRECATED_OBJC_IMPLEMENTATIONS = YES;
				CLANG_WARN_DIRECT_OBJC_ISA_USAGE = YES_ERROR;
				CLANG_WARN_DOCUMENTATION_COMMENTS = YES;
				CLANG_WARN_EMPTY_BODY = YES;
				CLANG_WARN_ENUM_CONVERSION = YES;
				CLANG_WARN_INFINITE_RECURSION = YES;
				CLANG_WARN_INT_CONVERSION = YES;
				CLANG_WARN_NON_LITERAL_NULL_CONVERSION = YES;
				CLANG_WARN_OBJC_IMPLICIT_RETAIN_SELF = YES;
				CLANG_WARN_OBJC_LITERAL_CONVERSION = YES;
				CLANG_WARN_OBJC_ROOT_CLASS = YES_ERROR;
				CLANG_WARN_QUOTED_INCLUDE_IN_FRAMEWORK_HEADER = YES;
				CLANG_WARN_RANGE_LOOP_ANALYSIS = YES;
				CLANG_WARN_STRICT_PROTOTYPES = YES;
				CLANG_WARN_SUSPICIOUS_MOVE = YES;
				CLANG_WARN_UNGUARDED_AVAILABILITY = YES_AGGRESSIVE;
				CLANG_WARN_UNREACHABLE_CODE = YES;
				CLANG_WARN__DUPLICATE_METHOD_MATCH = YES;
				COPY_PHASE_STRIP = NO;
				DEBUG_INFORMATION_FORMAT = "dwarf-with-dsym";
				ENABLE_NS_ASSERTIONS = NO;
				ENABLE_STRICT_OBJC_MSGSEND = YES;
				GCC_C_LANGUAGE_STANDARD = gnu11;
				GCC_NO_COMMON_BLOCKS = YES;
				GCC_WARN_64_TO_32_BIT_CONVERSION = YES;
				GCC_WARN_ABOUT_RETURN_TYPE = YES_ERROR;
				GCC_WARN_UNDECLARED_SELECTOR = YES;
				GCC_WARN_UNINITIALIZED_AUTOS = YES_AGGRESSIVE;
				GCC_WARN_UNUSED_FUNCTION = YES;
				GCC_WARN_UNUSED_VARIABLE = YES;
				INFOPLIST_FILE = "";
				IPHONEOS_DEPLOYMENT_TARGET = 14.5;
				MTL_ENABLE_DEBUG_INFO = NO;
				MTL_FAST_MATH = YES;
				SDKROOT = iphoneos;
				SWIFT_COMPILATION_MODE = wholemodule;
				SWIFT_OPTIMIZATION_LEVEL = "-O";
				VALIDATE_PRODUCT = YES;
			};
			name = Release;
		};
		98E4E04926AA63AE00838591 /* Debug */ = {
			isa = XCBuildConfiguration;
			buildSettings = {
				ASSETCATALOG_COMPILER_APPICON_NAME = AppIcon;
				ASSETCATALOG_COMPILER_GLOBAL_ACCENT_COLOR_NAME = AccentColor;
				CODE_SIGN_STYLE = Automatic;
				DEVELOPMENT_ASSET_PATHS = "\"SwiftUIDemo/Preview Content\"";
				DEVELOPMENT_TEAM = U3RJ67534G;
				ENABLE_PREVIEWS = YES;
				INFOPLIST_FILE = SwiftUIDemo/Source/Info.plist;
				IPHONEOS_DEPLOYMENT_TARGET = 15.0;
				LD_RUNPATH_SEARCH_PATHS = (
					"$(inherited)",
					"@executable_path/Frameworks",
				);
				PRODUCT_BUNDLE_IDENTIFIER = com.ethanz.SwiftUIDemo;
				PRODUCT_NAME = "$(TARGET_NAME)";
				SWIFT_VERSION = 5.0;
				TARGETED_DEVICE_FAMILY = "1,2";
			};
			name = Debug;
		};
		98E4E04A26AA63AE00838591 /* Release */ = {
			isa = XCBuildConfiguration;
			buildSettings = {
				ASSETCATALOG_COMPILER_APPICON_NAME = AppIcon;
				ASSETCATALOG_COMPILER_GLOBAL_ACCENT_COLOR_NAME = AccentColor;
				CODE_SIGN_STYLE = Automatic;
				DEVELOPMENT_ASSET_PATHS = "\"SwiftUIDemo/Preview Content\"";
				DEVELOPMENT_TEAM = U3RJ67534G;
				ENABLE_PREVIEWS = YES;
				INFOPLIST_FILE = SwiftUIDemo/Source/Info.plist;
				IPHONEOS_DEPLOYMENT_TARGET = 15.0;
				LD_RUNPATH_SEARCH_PATHS = (
					"$(inherited)",
					"@executable_path/Frameworks",
				);
				PRODUCT_BUNDLE_IDENTIFIER = com.ethanz.SwiftUIDemo;
				PRODUCT_NAME = "$(TARGET_NAME)";
				SWIFT_VERSION = 5.0;
				TARGETED_DEVICE_FAMILY = "1,2";
			};
			name = Release;
		};
/* End XCBuildConfiguration section */

/* Begin XCConfigurationList section */
		98E4E02C26AA63AD00838591 /* Build configuration list for PBXProject "SwiftUIDemo" */ = {
			isa = XCConfigurationList;
			buildConfigurations = (
				98E4E04626AA63AE00838591 /* Debug */,
				98E4E04726AA63AE00838591 /* Release */,
			);
			defaultConfigurationIsVisible = 0;
			defaultConfigurationName = Release;
		};
		98E4E04826AA63AE00838591 /* Build configuration list for PBXNativeTarget "SwiftUIDemo" */ = {
			isa = XCConfigurationList;
			buildConfigurations = (
				98E4E04926AA63AE00838591 /* Debug */,
				98E4E04A26AA63AE00838591 /* Release */,
			);
			defaultConfigurationIsVisible = 0;
			defaultConfigurationName = Release;
		};
/* End XCConfigurationList section */

/* Begin XCRemoteSwiftPackageReference section */
		98E4E06726AA69E700838591 /* XCRemoteSwiftPackageReference "SDWebImageSwiftUI" */ = {
			isa = XCRemoteSwiftPackageReference;
			repositoryURL = "https://github.com/SDWebImage/SDWebImageSwiftUI.git";
			requirement = {
				kind = upToNextMajorVersion;
				minimumVersion = 2.0.0;
			};
		};
/* End XCRemoteSwiftPackageReference section */

/* Begin XCSwiftPackageProductDependency section */
		988293B4281B8FD400DA1283 /* SDWebImageSwiftUI */ = {
			isa = XCSwiftPackageProductDependency;
			package = 98E4E06726AA69E700838591 /* XCRemoteSwiftPackageReference "SDWebImageSwiftUI" */;
			productName = SDWebImageSwiftUI;
		};
/* End XCSwiftPackageProductDependency section */

/* Begin XCVersionGroup section */
		98E4E03A26AA63AD00838591 /* SwiftUIDemo.xcdatamodeld */ = {
			isa = XCVersionGroup;
			children = (
				98E4E03B26AA63AD00838591 /* SwiftUIDemo.xcdatamodel */,
			);
			currentVersion = 98E4E03B26AA63AD00838591 /* SwiftUIDemo.xcdatamodel */;
			path = SwiftUIDemo.xcdatamodeld;
			sourceTree = "<group>";
			versionGroupType = wrapper.xcdatamodel;
		};
/* End XCVersionGroup section */
	};
	rootObject = 98E4E02926AA63AD00838591 /* Project object */;
}
